# This file is autogenerated, do not edit; changes may be undone by the next 'dep ensure'.


[[projects]]
  branch = "master"
  name = "github.com/valyala/fastjson"
  packages = ["fastfloat"]
  revision = "285c99e3c48d7d678e699a1baf3f70830889f21f"

[solve-meta]
  analyzer-name = "dep"
  analyzer-version = 1
  inputs-digest = "3f4d59bd0cfc4c83f40e8a3946c51ea5e8bf16a14074895e261f9eb94ee2f2d7"
  solver-name = "gps-cdcl"
  solver-version = 1
